
Microsoft Visual Studio Solution File, Format Version 12.00
# Visual Studio 14
VisualStudioVersion = 14.0.25420.1
MinimumVisualStudioVersion = 10.0.40219.1
Project("{FAE04EC0-301F-11D3-BF4B-00C04F79EFBC}") = "WindowsPasswordReset", "WindowsPasswordReset\WindowsPasswordReset.csproj", "{C50D6371-7F70-408C-BD3A-EC0079236AA5}"
EndProject
Project("{FAE04EC0-301F-11D3-BF4B-00C04F79EFBC}") = "WindowsPasswortReset.Console", "WindowsPasswortReset.Console\WindowsPasswortReset.Console.csproj", "{63545541-6D4A-48E5-904F-C6A94C1B52ED}"
EndProject
Project("{FAE04EC0-301F-11D3-BF4B-00C04F79EFBC}") = "WindowsPasswordReset.Logic", "WindowsPasswordReset.Logic\WindowsPasswordReset.Logic.csproj", "{2C6FE3FC-15DD-4678-A3E7-8FD21A560331}"
EndProject
Global
	GlobalSection(SolutionConfigurationPlatforms) = preSolution
		Debug|Any CPU = Debug|Any CPU
		Release|Any CPU = Release|Any CPU
	EndGlobalSection
	GlobalSection(ProjectConfigurationPlatforms) = postSolution
		{C50D6371-7F70-408C-BD3A-EC0079236AA5}.Debug|Any CPU.ActiveCfg = Debug|Any CPU
		{C50D6371-7F70-408C-BD3A-EC0079236AA5}.Debug|Any CPU.Build.0 = Debug|Any CPU
		{C50D6371-7F70-408C-BD3A-EC0079236AA5}.Release|Any CPU.ActiveCfg = Release|Any CPU
		{C50D6371-7F70-408C-BD3A-EC0079236AA5}.Release|Any CPU.Build.0 = Release|Any CPU
		{63545541-6D4A-48E5-904F-C6A94C1B52ED}.Debug|Any CPU.ActiveCfg = Debug|Any CPU
		{63545541-6D4A-48E5-904F-C6A94C1B52ED}.Debug|Any CPU.Build.0 = Debug|Any CPU
		{63545541-6D4A-48E5-904F-C6A94C1B52ED}.Release|Any CPU.ActiveCfg = Release|Any CPU
		{63545541-6D4A-48E5-904F-C6A94C1B52ED}.Release|Any CPU.Build.0 = Release|Any CPU
		{2C6FE3FC-15DD-4678-A3E7-8FD21A560331}.Debug|Any CPU.ActiveCfg = Debug|Any CPU
		{2C6FE3FC-15DD-4678-A3E7-8FD21A560331}.Debug|Any CPU.Build.0 = Debug|Any CPU
		{2C6FE3FC-15DD-4678-A3E7-8FD21A560331}.Release|Any CPU.ActiveCfg = Release|Any CPU
		{2C6FE3FC-15DD-4678-A3E7-8FD21A560331}.Release|Any CPU.Build.0 = Release|Any CPU
	EndGlobalSection
	GlobalSection(SolutionProperties) = preSolution
		HideSolutionNode = FALSE
	EndGlobalSection
EndGlobal
